# This file is automatically @generated by Poetry 2.1.4 and should not be changed by hand.

[[package]]
name = "dotenv"
version = "0.9.9"
description = "Deprecated package"
optional = false
python-versions = "*"
groups = ["main"]
files = [
    {file = "dotenv-0.9.9-py2.py3-none-any.whl", hash = "sha256:29cf74a087b31dafdb5a446b6d7e11cbce8ed2741540e2339c69fbef92c94ce9"},
]

[package.dependencies]
python-dotenv = "*"

[[package]]
name = "pyqt6"
version = "6.9.1"
description = "Python bindings for the Qt cross platform application toolkit"
optional = false
python-versions = ">=3.9"
groups = ["main"]
files = [
    {file = "pyqt6-6.9.1-cp39-abi3-macosx_10_14_universal2.whl", hash = "sha256:33c23d28f6608747ecc8bfd04c8795f61631af9db4fb1e6c2a7523ec4cc916d9"},
    {file = "pyqt6-6.9.1-cp39-abi3-manylinux_2_28_x86_64.whl", hash = "sha256:37884df27f774e2e1c0c96fa41e817a222329b80ffc6241725b0dc8c110acb35"},
    {file = "pyqt6-6.9.1-cp39-abi3-manylinux_2_39_aarch64.whl", hash = "sha256:055870b703c1a49ca621f8a89e2ec4d848e6c739d39367eb9687af3b056d9aa3"},
    {file = "pyqt6-6.9.1-cp39-abi3-win_amd64.whl", hash = "sha256:15b95bd273bb6288b070ed7a9503d5ff377aa4882dd6d175f07cad28cdb21da0"},
    {file = "pyqt6-6.9.1-cp39-abi3-win_arm64.whl", hash = "sha256:08792c72d130a02e3248a120f0b9bbb4bf4319095f92865bc5b365b00518f53d"},
    {file = "pyqt6-6.9.1.tar.gz", hash = "sha256:50642be03fb40f1c2111a09a1f5a0f79813e039c15e78267e6faaf8a96c1c3a6"},
]

[package.dependencies]
PyQt6-Qt6 = ">=6.9.0,<6.10.0"
PyQt6-sip = ">=13.8,<14"

[[package]]
name = "pyqt6-qt6"
version = "6.9.2"
description = "The subset of a Qt installation needed by PyQt6."
optional = false
python-versions = "*"
groups = ["main"]
files = [
    {file = "pyqt6_qt6-6.9.2-py3-none-macosx_10_14_x86_64.whl", hash = "sha256:183b62be49216da80c7df1931d74885610a88f74812489d29610d13b7c215a1c"},
    {file = "pyqt6_qt6-6.9.2-py3-none-macosx_11_0_arm64.whl", hash = "sha256:7897fb74ee21bdc87b5ccf84e94f4a551377e792fd180a9211c17eb41c3338a3"},
    {file = "pyqt6_qt6-6.9.2-py3-none-manylinux_2_28_x86_64.whl", hash = "sha256:9abfc0ee4a8293a6442128ae3f87f68e82e2a949d7b9caabd98c86ba5679ab48"},
    {file = "pyqt6_qt6-6.9.2-py3-none-manylinux_2_39_aarch64.whl", hash = "sha256:940aac6462532578e8ddefe0494cd17e33a85e0f3cfb21c612f56ab9ad7bc871"},
    {file = "pyqt6_qt6-6.9.2-py3-none-win_amd64.whl", hash = "sha256:f9289768039bef4a63e5949b7f8cfbbddc3b6d24bd58c21ba0f2921bed8d1c08"},
    {file = "pyqt6_qt6-6.9.2-py3-none-win_arm64.whl", hash = "sha256:8f82944ef68c8f8c78aa8eca4832c7bc05116c6de00a3bad8af5a0d63d1caafb"},
]

[[package]]
name = "pyqt6-sip"
version = "13.10.2"
description = "The sip module support for PyQt6"
optional = false
python-versions = ">=3.9"
groups = ["main"]
files = [
    {file = "pyqt6_sip-13.10.2-cp310-cp310-macosx_10_9_universal2.whl", hash = "sha256:8132ec1cbbecc69d23dcff23916ec07218f1a9bbbc243bf6f1df967117ce303e"},
    {file = "pyqt6_sip-13.10.2-cp310-cp310-manylinux_2_17_aarch64.manylinux2014_aarch64.whl", hash = "sha256:07f77e89d93747dda71b60c3490b00d754451729fbcbcec840e42084bf061655"},
    {file = "pyqt6_sip-13.10.2-cp310-cp310-manylinux_2_5_x86_64.manylinux1_x86_64.whl", hash = "sha256:4ffa71ddff6ef031d52cd4f88b8bba08b3516313c023c7e5825cf4a0ba598712"},
    {file = "pyqt6_sip-13.10.2-cp310-cp310-win_amd64.whl", hash = "sha256:e907394795e61f1174134465c889177f584336a98d7a10beade2437bf5942244"},
    {file = "pyqt6_sip-13.10.2-cp311-cp311-macosx_10_9_universal2.whl", hash = "sha256:1a6c2f168773af9e6c7ef5e52907f16297d4efd346e4c958eda54ea9135be18e"},
    {file = "pyqt6_sip-13.10.2-cp311-cp311-manylinux_2_17_aarch64.manylinux2014_aarch64.whl", hash = "sha256:b1d3cc9015a1bd8c8d3e86a009591e897d4d46b0c514aede7d2970a2208749cd"},
    {file = "pyqt6_sip-13.10.2-cp311-cp311-manylinux_2_5_x86_64.manylinux1_x86_64.whl", hash = "sha256:ddd578a8d975bfb5fef83751829bf09a97a1355fa1de098e4fb4d1b74ee872fc"},
    {file = "pyqt6_sip-13.10.2-cp311-cp311-win_amd64.whl", hash = "sha256:061d4a2eb60a603d8be7db6c7f27eb29d9cea97a09aa4533edc1662091ce4f03"},
    {file = "pyqt6_sip-13.10.2-cp311-cp311-win_arm64.whl", hash = "sha256:45ac06f0380b7aa4fcffd89f9e8c00d1b575dc700c603446a9774fda2dcfc0de"},
    {file = "pyqt6_sip-13.10.2-cp312-cp312-macosx_10_9_universal2.whl", hash = "sha256:83e6a56d3e715f748557460600ec342cbd77af89ec89c4f2a68b185fa14ea46c"},
    {file = "pyqt6_sip-13.10.2-cp312-cp312-manylinux_2_17_aarch64.manylinux2014_aarch64.whl", hash = "sha256:4ccf197f8fa410e076936bee28ad9abadb450931d5be5625446fd20e0d8b27a6"},
    {file = "pyqt6_sip-13.10.2-cp312-cp312-manylinux_2_5_x86_64.manylinux1_x86_64.whl", hash = "sha256:37af463dcce39285e686d49523d376994d8a2508b9acccb7616c4b117c9c4ed7"},
    {file = "pyqt6_sip-13.10.2-cp312-cp312-win_amd64.whl", hash = "sha256:c7b34a495b92790c70eae690d9e816b53d3b625b45eeed6ae2c0fe24075a237e"},
    {file = "pyqt6_sip-13.10.2-cp312-cp312-win_arm64.whl", hash = "sha256:c80cc059d772c632f5319632f183e7578cd0976b9498682833035b18a3483e92"},
    {file = "pyqt6_sip-13.10.2-cp313-cp313-macosx_10_13_universal2.whl", hash = "sha256:8b5d06a0eac36038fa8734657d99b5fe92263ae7a0cd0a67be6acfe220a063e1"},
    {file = "pyqt6_sip-13.10.2-cp313-cp313-manylinux_2_17_aarch64.manylinux2014_aarch64.whl", hash = "sha256:ad376a6078da37b049fdf9d6637d71b52727e65c4496a80b753ddc8d27526aca"},
    {file = "pyqt6_sip-13.10.2-cp313-cp313-manylinux_2_5_x86_64.manylinux1_x86_64.whl", hash = "sha256:3dde8024d055f496eba7d44061c5a1ba4eb72fc95e5a9d7a0dbc908317e0888b"},
    {file = "pyqt6_sip-13.10.2-cp313-cp313-win_amd64.whl", hash = "sha256:0b097eb58b4df936c4a2a88a2f367c8bb5c20ff049a45a7917ad75d698e3b277"},
    {file = "pyqt6_sip-13.10.2-cp313-cp313-win_arm64.whl", hash = "sha256:cc6a1dfdf324efaac6e7b890a608385205e652845c62130de919fd73a6326244"},
    {file = "pyqt6_sip-13.10.2-cp39-cp39-macosx_10_9_universal2.whl", hash = "sha256:38b5823dca93377f8a4efac3cbfaa1d20229aa5b640c31cf6ebbe5c586333808"},
    {file = "pyqt6_sip-13.10.2-cp39-cp39-manylinux_2_17_aarch64.manylinux2014_aarch64.whl", hash = "sha256:5506b9a795098df3b023cc7d0a37f93d3224a9c040c43804d4bc06e0b2b742b0"},
    {file = "pyqt6_sip-13.10.2-cp39-cp39-manylinux_2_5_x86_64.manylinux1_x86_64.whl", hash = "sha256:e455a181d45a28ee8d18d42243d4f470d269e6ccdee60f2546e6e71218e05bb4"},
    {file = "pyqt6_sip-13.10.2-cp39-cp39-win_amd64.whl", hash = "sha256:9c67ed66e21b11e04ffabe0d93bc21df22e0a5d7e2e10ebc8c1d77d2f5042991"},
    {file = "pyqt6_sip-13.10.2.tar.gz", hash = "sha256:464ad156bf526500ce6bd05cac7a82280af6309974d816739b4a9a627156fafe"},
]

[[package]]
name = "python-dotenv"
version = "1.1.1"
description = "Read key-value pairs from a .env file and set them as environment variables"
optional = false
python-versions = ">=3.9"
groups = ["main"]
files = [
    {file = "python_dotenv-1.1.1-py3-none-any.whl", hash = "sha256:31f23644fe2602f88ff55e1f5c79ba497e01224ee7737937930c448e4d0e24dc"},
    {file = "python_dotenv-1.1.1.tar.gz", hash = "sha256:a8a6399716257f45be6a007360200409fce5cda2661e3dec71d23dc15f6189ab"},
]

[package.extras]
cli = ["click (>=5.0)"]

[metadata]
lock-version = "2.1"
python-versions = "^3.12"
content-hash = "5cbe4f59d0e88e70d9826d505f11ca91004e17fb6dfd465aeb7130620379f49b"
